
Microsoft Visual Studio Solution File, Format Version 11.00
# Visual Studio 2010
Project("{FAE04EC0-301F-11D3-BF4B-00C04F79EFBC}") = "Model", "1-MODEL\Model.csproj", "{A889B680-6558-4970-8E51-4EDFD146E674}"
EndProject
Project("{2150E333-8FDC-42A3-9474-1A3956D46DE8}") = "1-MODEL", "1-MODEL", "{5D67B2D8-0E4F-45C0-8DE7-57FEF25978FB}"
EndProject
Project("{2150E333-8FDC-42A3-9474-1A3956D46DE8}") = "2-SERVICE", "2-SERVICE", "{1EDE5968-B325-4E1C-9C97-5D6978670E32}"
EndProject
Project("{FAE04EC0-301F-11D3-BF4B-00C04F79EFBC}") = "Service", "2-SERVICE\Service.csproj", "{52A62D0B-B22F-436A-9C9A-D701313A959D}"
EndProject
Project("{2150E333-8FDC-42A3-9474-1A3956D46DE8}") = "3-WEB", "3-WEB", "{3257593D-30DF-481E-992B-9E200E89B09C}"
EndProject
Project("{FAE04EC0-301F-11D3-BF4B-00C04F79EFBC}") = "Web", "3-WEB\Web.csproj", "{D58FFBB5-362A-41AF-A412-A8CD41F67F87}"
EndProject
Global
	GlobalSection(TeamFoundationVersionControl) = preSolution
		SccNumberOfProjects = 4
		SccEnterpriseProvider = {4CA58AB2-18FA-4F8D-95D4-32DDF27D184C}
		SccTeamFoundationServer = https://lcjohnny.visualstudio.com/defaultcollection
		SccLocalPath0 = .
		SccProjectUniqueName1 = 1-MODEL\\Model.csproj
		SccProjectTopLevelParentUniqueName1 = FriendCash.sln
		SccProjectName1 = 1-MODEL
		SccLocalPath1 = 1-MODEL
		SccProjectUniqueName2 = 2-SERVICE\\Service.csproj
		SccProjectTopLevelParentUniqueName2 = FriendCash.sln
		SccProjectName2 = 2-SERVICE
		SccLocalPath2 = 2-SERVICE
		SccProjectUniqueName3 = 3-WEB\\Web\\Web.csproj
		SccProjectTopLevelParentUniqueName3 = FriendCash.sln
		SccProjectName3 = 3-WEB/Web
		SccLocalPath3 = 3-WEB\\Web
	EndGlobalSection
	GlobalSection(SolutionConfigurationPlatforms) = preSolution
		Debug|Any CPU = Debug|Any CPU
		Release|Any CPU = Release|Any CPU
	EndGlobalSection
	GlobalSection(ProjectConfigurationPlatforms) = postSolution
		{A889B680-6558-4970-8E51-4EDFD146E674}.Debug|Any CPU.ActiveCfg = Debug|Any CPU
		{A889B680-6558-4970-8E51-4EDFD146E674}.Debug|Any CPU.Build.0 = Debug|Any CPU
		{A889B680-6558-4970-8E51-4EDFD146E674}.Release|Any CPU.ActiveCfg = Release|Any CPU
		{A889B680-6558-4970-8E51-4EDFD146E674}.Release|Any CPU.Build.0 = Release|Any CPU
		{52A62D0B-B22F-436A-9C9A-D701313A959D}.Debug|Any CPU.ActiveCfg = Debug|Any CPU
		{52A62D0B-B22F-436A-9C9A-D701313A959D}.Debug|Any CPU.Build.0 = Debug|Any CPU
		{52A62D0B-B22F-436A-9C9A-D701313A959D}.Release|Any CPU.ActiveCfg = Release|Any CPU
		{52A62D0B-B22F-436A-9C9A-D701313A959D}.Release|Any CPU.Build.0 = Release|Any CPU
		{D58FFBB5-362A-41AF-A412-A8CD41F67F87}.Debug|Any CPU.ActiveCfg = Debug|Any CPU
		{D58FFBB5-362A-41AF-A412-A8CD41F67F87}.Debug|Any CPU.Build.0 = Debug|Any CPU
		{D58FFBB5-362A-41AF-A412-A8CD41F67F87}.Release|Any CPU.ActiveCfg = Release|Any CPU
		{D58FFBB5-362A-41AF-A412-A8CD41F67F87}.Release|Any CPU.Build.0 = Release|Any CPU
	EndGlobalSection
	GlobalSection(SolutionProperties) = preSolution
		HideSolutionNode = FALSE
	EndGlobalSection
	GlobalSection(NestedProjects) = preSolution
		{A889B680-6558-4970-8E51-4EDFD146E674} = {5D67B2D8-0E4F-45C0-8DE7-57FEF25978FB}
		{52A62D0B-B22F-436A-9C9A-D701313A959D} = {1EDE5968-B325-4E1C-9C97-5D6978670E32}
		{D58FFBB5-362A-41AF-A412-A8CD41F67F87} = {3257593D-30DF-481E-992B-9E200E89B09C}
	EndGlobalSection
EndGlobal
