
Microsoft Visual Studio Solution File, Format Version 12.00
# Visual Studio 14
VisualStudioVersion = 14.0.25420.1
MinimumVisualStudioVersion = 10.0.40219.1
Project("{FAE04EC0-301F-11D3-BF4B-00C04F79EFBC}") = "FriendCash.Service", "FriendCash.Service\FriendCash.Service.csproj", "{17315474-BDB2-4433-9DA0-B81583B106EC}"
EndProject
Project("{FAE04EC0-301F-11D3-BF4B-00C04F79EFBC}") = "FriendCash.Web", "FriendCash.Web\FriendCash.Web.csproj", "{A65BBA31-480D-4FC9-88B0-F35222259F9C}"
EndProject
Project("{FAE04EC0-301F-11D3-BF4B-00C04F79EFBC}") = "FriendCash.Model", "FriendCash.Model\FriendCash.Model.csproj", "{2E9758F1-9A6F-43EB-BC41-BE8DE036218D}"
EndProject
Global
	GlobalSection(SolutionConfigurationPlatforms) = preSolution
		Debug|Any CPU = Debug|Any CPU
		Release|Any CPU = Release|Any CPU
	EndGlobalSection
	GlobalSection(ProjectConfigurationPlatforms) = postSolution
		{17315474-BDB2-4433-9DA0-B81583B106EC}.Debug|Any CPU.ActiveCfg = Debug|Any CPU
		{17315474-BDB2-4433-9DA0-B81583B106EC}.Debug|Any CPU.Build.0 = Debug|Any CPU
		{17315474-BDB2-4433-9DA0-B81583B106EC}.Release|Any CPU.ActiveCfg = Release|Any CPU
		{17315474-BDB2-4433-9DA0-B81583B106EC}.Release|Any CPU.Build.0 = Release|Any CPU
		{A65BBA31-480D-4FC9-88B0-F35222259F9C}.Debug|Any CPU.ActiveCfg = Debug|Any CPU
		{A65BBA31-480D-4FC9-88B0-F35222259F9C}.Debug|Any CPU.Build.0 = Debug|Any CPU
		{A65BBA31-480D-4FC9-88B0-F35222259F9C}.Release|Any CPU.ActiveCfg = Release|Any CPU
		{A65BBA31-480D-4FC9-88B0-F35222259F9C}.Release|Any CPU.Build.0 = Release|Any CPU
		{2E9758F1-9A6F-43EB-BC41-BE8DE036218D}.Debug|Any CPU.ActiveCfg = Debug|Any CPU
		{2E9758F1-9A6F-43EB-BC41-BE8DE036218D}.Debug|Any CPU.Build.0 = Debug|Any CPU
		{2E9758F1-9A6F-43EB-BC41-BE8DE036218D}.Release|Any CPU.ActiveCfg = Release|Any CPU
		{2E9758F1-9A6F-43EB-BC41-BE8DE036218D}.Release|Any CPU.Build.0 = Release|Any CPU
	EndGlobalSection
	GlobalSection(SolutionProperties) = preSolution
		HideSolutionNode = FALSE
	EndGlobalSection
	GlobalSection(TeamFoundationVersionControl) = preSolution
		SccNumberOfProjects = 4
		SccEnterpriseProvider = {4CA58AB2-18FA-4F8D-95D4-32DDF27D184C}
		SccTeamFoundationServer = https://friendship.visualstudio.com/defaultcollection
		SccLocalPath0 = .
		SccProjectUniqueName1 = FriendCash.Service\\FriendCash.Service.csproj
		SccProjectName1 = FriendCash.Service
		SccLocalPath1 = FriendCash.Service
		SccProjectUniqueName2 = FriendCash.Web\\FriendCash.Web.csproj
		SccProjectName2 = FriendCash.Web
		SccLocalPath2 = FriendCash.Web
		SccProjectUniqueName3 = FriendCash.Model\\FriendCash.Model.csproj
		SccProjectName3 = FriendCash.Model
		SccLocalPath3 = FriendCash.Model
	EndGlobalSection
EndGlobal
